// !$*UTF8*$!
{
	archiveVersion = 1;
	classes = {
	};
	objectVersion = 56;
	objects = {

/* Begin PBXBuildFile section */
		851E5CBD28F8AAB70070DF2F /* AppDelegate.swift in Sources */ = {isa = PBXBuildFile; fileRef = 851E5CBC28F8AAB70070DF2F /* AppDelegate.swift */; };
		851E5CBF28F8AAB70070DF2F /* SceneDelegate.swift in Sources */ = {isa = PBXBuildFile; fileRef = 851E5CBE28F8AAB70070DF2F /* SceneDelegate.swift */; };
		851E5CC128F8AAB70070DF2F /* ViewController.swift in Sources */ = {isa = PBXBuildFile; fileRef = 851E5CC028F8AAB70070DF2F /* ViewController.swift */; };
		851E5CC428F8AAB70070DF2F /* Main.storyboard in Resources */ = {isa = PBXBuildFile; fileRef = 851E5CC228F8AAB70070DF2F /* Main.storyboard */; };
		851E5CC628F8AAB90070DF2F /* Assets.xcassets in Resources */ = {isa = PBXBuildFile; fileRef = 851E5CC528F8AAB90070DF2F /* Assets.xcassets */; };
		851E5CC928F8AAB90070DF2F /* LaunchScreen.storyboard in Resources */ = {isa = PBXBuildFile; fileRef = 851E5CC728F8AAB90070DF2F /* LaunchScreen.storyboard */; };
		853007B628F9626D000A2705 /* WeatherResult.swift in Sources */ = {isa = PBXBuildFile; fileRef = 853007B528F9626D000A2705 /* WeatherResult.swift */; };
		85E58F2428F96F40008C1F1D /* URLRequest+Extensions.swift in Sources */ = {isa = PBXBuildFile; fileRef = 85E58F2328F96F40008C1F1D /* URLRequest+Extensions.swift */; };
		85E58F2628F979BE008C1F1D /* URL+Extensions.swift in Sources */ = {isa = PBXBuildFile; fileRef = 85E58F2528F979BE008C1F1D /* URL+Extensions.swift */; };
		94D0CE8609EBDB647B4F7680 /* Pods_GoodWeather.framework in Frameworks */ = {isa = PBXBuildFile; fileRef = BC71902EB5F0A35CE09FAC68 /* Pods_GoodWeather.framework */; };
/* End PBXBuildFile section */

/* Begin PBXFileReference section */
		2353A0F4DCAE763A28C1AE2C /* Pods-GoodWeather.debug.xcconfig */ = {isa = PBXFileReference; includeInIndex = 1; lastKnownFileType = text.xcconfig; name = "Pods-GoodWeather.debug.xcconfig"; path = "Target Support Files/Pods-GoodWeather/Pods-GoodWeather.debug.xcconfig"; sourceTree = "<group>"; };
		851E5CB928F8AAB70070DF2F /* GoodWeather.app */ = {isa = PBXFileReference; explicitFileType = wrapper.application; includeInIndex = 0; path = GoodWeather.app; sourceTree = BUILT_PRODUCTS_DIR; };
		851E5CBC28F8AAB70070DF2F /* AppDelegate.swift */ = {isa = PBXFileReference; lastKnownFileType = sourcecode.swift; path = AppDelegate.swift; sourceTree = "<group>"; };
		851E5CBE28F8AAB70070DF2F /* SceneDelegate.swift */ = {isa = PBXFileReference; lastKnownFileType = sourcecode.swift; path = SceneDelegate.swift; sourceTree = "<group>"; };
		851E5CC028F8AAB70070DF2F /* ViewController.swift */ = {isa = PBXFileReference; lastKnownFileType = sourcecode.swift; path = ViewController.swift; sourceTree = "<group>"; };
		851E5CC328F8AAB70070DF2F /* Base */ = {isa = PBXFileReference; lastKnownFileType = file.storyboard; name = Base; path = Base.lproj/Main.storyboard; sourceTree = "<group>"; };
		851E5CC528F8AAB90070DF2F /* Assets.xcassets */ = {isa = PBXFileReference; lastKnownFileType = folder.assetcatalog; path = Assets.xcassets; sourceTree = "<group>"; };
		851E5CC828F8AAB90070DF2F /* Base */ = {isa = PBXFileReference; lastKnownFileType = file.storyboard; name = Base; path = Base.lproj/LaunchScreen.storyboard; sourceTree = "<group>"; };
		851E5CCA28F8AAB90070DF2F /* Info.plist */ = {isa = PBXFileReference; lastKnownFileType = text.plist.xml; path = Info.plist; sourceTree = "<group>"; };
		853007B528F9626D000A2705 /* WeatherResult.swift */ = {isa = PBXFileReference; lastKnownFileType = sourcecode.swift; path = WeatherResult.swift; sourceTree = "<group>"; };
		85E58F2328F96F40008C1F1D /* URLRequest+Extensions.swift */ = {isa = PBXFileReference; lastKnownFileType = sourcecode.swift; path = "URLRequest+Extensions.swift"; sourceTree = "<group>"; };
		85E58F2528F979BE008C1F1D /* URL+Extensions.swift */ = {isa = PBXFileReference; lastKnownFileType = sourcecode.swift; path = "URL+Extensions.swift"; sourceTree = "<group>"; };
		BC71902EB5F0A35CE09FAC68 /* Pods_GoodWeather.framework */ = {isa = PBXFileReference; explicitFileType = wrapper.framework; includeInIndex = 0; path = Pods_GoodWeather.framework; sourceTree = BUILT_PRODUCTS_DIR; };
		DC29BB13696AABF24219EDF1 /* Pods-GoodWeather.release.xcconfig */ = {isa = PBXFileReference; includeInIndex = 1; lastKnownFileType = text.xcconfig; name = "Pods-GoodWeather.release.xcconfig"; path = "Target Support Files/Pods-GoodWeather/Pods-GoodWeather.release.xcconfig"; sourceTree = "<group>"; };
/* End PBXFileReference section */

/* Begin PBXFrameworksBuildPhase section */
		851E5CB628F8AAB70070DF2F /* Frameworks */ = {
			isa = PBXFrameworksBuildPhase;
			buildActionMask = 2147483647;
			files = (
				94D0CE8609EBDB647B4F7680 /* Pods_GoodWeather.framework in Frameworks */,
			);
			runOnlyForDeploymentPostprocessing = 0;
		};
/* End PBXFrameworksBuildPhase section */

/* Begin PBXGroup section */
		851E5CB028F8AAB70070DF2F = {
			isa = PBXGroup;
			children = (
				851E5CBB28F8AAB70070DF2F /* GoodWeather */,
				851E5CBA28F8AAB70070DF2F /* Products */,
				9CE3508001D21CD8BF8BDDF1 /* Pods */,
				B5019D1084A5996FC8C84680 /* Frameworks */,
			);
			sourceTree = "<group>";
		};
		851E5CBA28F8AAB70070DF2F /* Products */ = {
			isa = PBXGroup;
			children = (
				851E5CB928F8AAB70070DF2F /* GoodWeather.app */,
			);
			name = Products;
			sourceTree = "<group>";
		};
		851E5CBB28F8AAB70070DF2F /* GoodWeather */ = {
			isa = PBXGroup;
			children = (
				85E58F2228F96F26008C1F1D /* Extensions */,
				853007B428F96259000A2705 /* Models */,
				851E5CBC28F8AAB70070DF2F /* AppDelegate.swift */,
				851E5CBE28F8AAB70070DF2F /* SceneDelegate.swift */,
				851E5CC028F8AAB70070DF2F /* ViewController.swift */,
				851E5CC228F8AAB70070DF2F /* Main.storyboard */,
				851E5CC528F8AAB90070DF2F /* Assets.xcassets */,
				851E5CC728F8AAB90070DF2F /* LaunchScreen.storyboard */,
				851E5CCA28F8AAB90070DF2F /* Info.plist */,
			);
			path = GoodWeather;
			sourceTree = "<group>";
		};
		853007B428F96259000A2705 /* Models */ = {
			isa = PBXGroup;
			children = (
				853007B528F9626D000A2705 /* WeatherResult.swift */,
			);
			path = Models;
			sourceTree = "<group>";
		};
		85E58F2228F96F26008C1F1D /* Extensions */ = {
			isa = PBXGroup;
			children = (
				85E58F2328F96F40008C1F1D /* URLRequest+Extensions.swift */,
				85E58F2528F979BE008C1F1D /* URL+Extensions.swift */,
			);
			path = Extensions;
			sourceTree = "<group>";
		};
		9CE3508001D21CD8BF8BDDF1 /* Pods */ = {
			isa = PBXGroup;
			children = (
				2353A0F4DCAE763A28C1AE2C /* Pods-GoodWeather.debug.xcconfig */,
				DC29BB13696AABF24219EDF1 /* Pods-GoodWeather.release.xcconfig */,
			);
			path = Pods;
			sourceTree = "<group>";
		};
		B5019D1084A5996FC8C84680 /* Frameworks */ = {
			isa = PBXGroup;
			children = (
				BC71902EB5F0A35CE09FAC68 /* Pods_GoodWeather.framework */,
			);
			name = Frameworks;
			sourceTree = "<group>";
		};
/* End PBXGroup section */

/* Begin PBXNativeTarget section */
		851E5CB828F8AAB70070DF2F /* GoodWeather */ = {
			isa = PBXNativeTarget;
			buildConfigurationList = 851E5CCD28F8AAB90070DF2F /* Build configuration list for PBXNativeTarget "GoodWeather" */;
			buildPhases = (
				A8A59426928BA48DBF67005D /* [CP] Check Pods Manifest.lock */,
				851E5CB528F8AAB70070DF2F /* Sources */,
				851E5CB628F8AAB70070DF2F /* Frameworks */,
				851E5CB728F8AAB70070DF2F /* Resources */,
				56236EEC8833F44F95E66EE8 /* [CP] Embed Pods Frameworks */,
			);
			buildRules = (
			);
			dependencies = (
			);
			name = GoodWeather;
			productName = GoodWeather;
			productReference = 851E5CB928F8AAB70070DF2F /* GoodWeather.app */;
			productType = "com.apple.product-type.application";
		};
/* End PBXNativeTarget section */

/* Begin PBXProject section */
		851E5CB128F8AAB70070DF2F /* Project object */ = {
			isa = PBXProject;
			attributes = {
				BuildIndependentTargetsInParallel = 1;
				LastSwiftUpdateCheck = 1400;
				LastUpgradeCheck = 1400;
				TargetAttributes = {
					851E5CB828F8AAB70070DF2F = {
						CreatedOnToolsVersion = 14.0.1;
					};
				};
			};
			buildConfigurationList = 851E5CB428F8AAB70070DF2F /* Build configuration list for PBXProject "GoodWeather" */;
			compatibilityVersion = "Xcode 14.0";
			developmentRegion = en;
			hasScannedForEncodings = 0;
			knownRegions = (
				en,
				Base,
			);
			mainGroup = 851E5CB028F8AAB70070DF2F;
			productRefGroup = 851E5CBA28F8AAB70070DF2F /* Products */;
			projectDirPath = "";
			projectRoot = "";
			targets = (
				851E5CB828F8AAB70070DF2F /* GoodWeather */,
			);
		};
/* End PBXProject section */

/* Begin PBXResourcesBuildPhase section */
		851E5CB728F8AAB70070DF2F /* Resources */ = {
			isa = PBXResourcesBuildPhase;
			buildActionMask = 2147483647;
			files = (
				851E5CC928F8AAB90070DF2F /* LaunchScreen.storyboard in Resources */,
				851E5CC628F8AAB90070DF2F /* Assets.xcassets in Resources */,
				851E5CC428F8AAB70070DF2F /* Main.storyboard in Resources */,
			);
			runOnlyForDeploymentPostprocessing = 0;
		};
/* End PBXResourcesBuildPhase section */

/* Begin PBXShellScriptBuildPhase section */
		56236EEC8833F44F95E66EE8 /* [CP] Embed Pods Frameworks */ = {
			isa = PBXShellScriptBuildPhase;
			buildActionMask = 2147483647;
			files = (
			);
			inputFileListPaths = (
				"${PODS_ROOT}/Target Support Files/Pods-GoodWeather/Pods-GoodWeather-frameworks-${CONFIGURATION}-input-files.xcfilelist",
			);
			name = "[CP] Embed Pods Frameworks";
			outputFileListPaths = (
				"${PODS_ROOT}/Target Support Files/Pods-GoodWeather/Pods-GoodWeather-frameworks-${CONFIGURATION}-output-files.xcfilelist",
			);
			runOnlyForDeploymentPostprocessing = 0;
			shellPath = /bin/sh;
			shellScript = "\"${PODS_ROOT}/Target Support Files/Pods-GoodWeather/Pods-GoodWeather-frameworks.sh\"\n";
			showEnvVarsInLog = 0;
		};
		A8A59426928BA48DBF67005D /* [CP] Check Pods Manifest.lock */ = {
			isa = PBXShellScriptBuildPhase;
			buildActionMask = 2147483647;
			files = (
			);
			inputFileListPaths = (
			);
			inputPaths = (
				"${PODS_PODFILE_DIR_PATH}/Podfile.lock",
				"${PODS_ROOT}/Manifest.lock",
			);
			name = "[CP] Check Pods Manifest.lock";
			outputFileListPaths = (
			);
			outputPaths = (
				"$(DERIVED_FILE_DIR)/Pods-GoodWeather-checkManifestLockResult.txt",
			);
			runOnlyForDeploymentPostprocessing = 0;
			shellPath = /bin/sh;
			shellScript = "diff \"${PODS_PODFILE_DIR_PATH}/Podfile.lock\" \"${PODS_ROOT}/Manifest.lock\" > /dev/null\nif [ $? != 0 ] ; then\n    # print error to STDERR\n    echo \"error: The sandbox is not in sync with the Podfile.lock. Run 'pod install' or update your CocoaPods installation.\" >&2\n    exit 1\nfi\n# This output is used by Xcode 'outputs' to avoid re-running this script phase.\necho \"SUCCESS\" > \"${SCRIPT_OUTPUT_FILE_0}\"\n";
			showEnvVarsInLog = 0;
		};
/* End PBXShellScriptBuildPhase section */

/* Begin PBXSourcesBuildPhase section */
		851E5CB528F8AAB70070DF2F /* Sources */ = {
			isa = PBXSourcesBuildPhase;
			buildActionMask = 2147483647;
			files = (
				851E5CC128F8AAB70070DF2F /* ViewController.swift in Sources */,
				853007B628F9626D000A2705 /* WeatherResult.swift in Sources */,
				851E5CBD28F8AAB70070DF2F /* AppDelegate.swift in Sources */,
				85E58F2428F96F40008C1F1D /* URLRequest+Extensions.swift in Sources */,
				851E5CBF28F8AAB70070DF2F /* SceneDelegate.swift in Sources */,
				85E58F2628F979BE008C1F1D /* URL+Extensions.swift in Sources */,
			);
			runOnlyForDeploymentPostprocessing = 0;
		};
/* End PBXSourcesBuildPhase section */

/* Begin PBXVariantGroup section */
		851E5CC228F8AAB70070DF2F /* Main.storyboard */ = {
			isa = PBXVariantGroup;
			children = (
				851E5CC328F8AAB70070DF2F /* Base */,
			);
			name = Main.storyboard;
			sourceTree = "<group>";
		};
		851E5CC728F8AAB90070DF2F /* LaunchScreen.storyboard */ = {
			isa = PBXVariantGroup;
			children = (
				851E5CC828F8AAB90070DF2F /* Base */,
			);
			name = LaunchScreen.storyboard;
			sourceTree = "<group>";
		};
/* End PBXVariantGroup section */

/* Begin XCBuildConfiguration section */
		851E5CCB28F8AAB90070DF2F /* Debug */ = {
			isa = XCBuildConfiguration;
			buildSettings = {
				ALWAYS_SEARCH_USER_PATHS = NO;
				CLANG_ANALYZER_NONNULL = YES;
				CLANG_ANALYZER_NUMBER_OBJECT_CONVERSION = YES_AGGRESSIVE;
				CLANG_CXX_LANGUAGE_STANDARD = "gnu++20";
				CLANG_ENABLE_MODULES = YES;
				CLANG_ENABLE_OBJC_ARC = YES;
				CLANG_ENABLE_OBJC_WEAK = YES;
				CLANG_WARN_BLOCK_CAPTURE_AUTORELEASING = YES;
				CLANG_WARN_BOOL_CONVERSION = YES;
				CLANG_WARN_COMMA = YES;
				CLANG_WARN_CONSTANT_CONVERSION = YES;
				CLANG_WARN_DEPRECATED_OBJC_IMPLEMENTATIONS = YES;
				CLANG_WARN_DIRECT_OBJC_ISA_USAGE = YES_ERROR;
				CLANG_WARN_DOCUMENTATION_COMMENTS = YES;
				CLANG_WARN_EMPTY_BODY = YES;
				CLANG_WARN_ENUM_CONVERSION = YES;
				CLANG_WARN_INFINITE_RECURSION = YES;
				CLANG_WARN_INT_CONVERSION = YES;
				CLANG_WARN_NON_LITERAL_NULL_CONVERSION = YES;
				CLANG_WARN_OBJC_IMPLICIT_RETAIN_SELF = YES;
				CLANG_WARN_OBJC_LITERAL_CONVERSION = YES;
				CLANG_WARN_OBJC_ROOT_CLASS = YES_ERROR;
				CLANG_WARN_QUOTED_INCLUDE_IN_FRAMEWORK_HEADER = YES;
				CLANG_WARN_RANGE_LOOP_ANALYSIS = YES;
				CLANG_WARN_STRICT_PROTOTYPES = YES;
				CLANG_WARN_SUSPICIOUS_MOVE = YES;
				CLANG_WARN_UNGUARDED_AVAILABILITY = YES_AGGRESSIVE;
				CLANG_WARN_UNREACHABLE_CODE = YES;
				CLANG_WARN__DUPLICATE_METHOD_MATCH = YES;
				COPY_PHASE_STRIP = NO;
				DEBUG_INFORMATION_FORMAT = dwarf;
				ENABLE_STRICT_OBJC_MSGSEND = YES;
				ENABLE_TESTABILITY = YES;
				GCC_C_LANGUAGE_STANDARD = gnu11;
				GCC_DYNAMIC_NO_PIC = NO;
				GCC_NO_COMMON_BLOCKS = YES;
				GCC_OPTIMIZATION_LEVEL = 0;
				GCC_PREPROCESSOR_DEFINITIONS = (
					"DEBUG=1",
					"$(inherited)",
				);
				GCC_WARN_64_TO_32_BIT_CONVERSION = YES;
				GCC_WARN_ABOUT_RETURN_TYPE = YES_ERROR;
				GCC_WARN_UNDECLARED_SELECTOR = YES;
				GCC_WARN_UNINITIALIZED_AUTOS = YES_AGGRESSIVE;
				GCC_WARN_UNUSED_FUNCTION = YES;
				GCC_WARN_UNUSED_VARIABLE = YES;
				IPHONEOS_DEPLOYMENT_TARGET = 16.0;
				MTL_ENABLE_DEBUG_INFO = INCLUDE_SOURCE;
				MTL_FAST_MATH = YES;
				ONLY_ACTIVE_ARCH = YES;
				SDKROOT = iphoneos;
				SWIFT_ACTIVE_COMPILATION_CONDITIONS = DEBUG;
				SWIFT_OPTIMIZATION_LEVEL = "-Onone";
			};
			name = Debug;
		};
		851E5CCC28F8AAB90070DF2F /* Release */ = {
			isa = XCBuildConfiguration;
			buildSettings = {
				ALWAYS_SEARCH_USER_PATHS = NO;
				CLANG_ANALYZER_NONNULL = YES;
				CLANG_ANALYZER_NUMBER_OBJECT_CONVERSION = YES_AGGRESSIVE;
				CLANG_CXX_LANGUAGE_STANDARD = "gnu++20";
				CLANG_ENABLE_MODULES = YES;
				CLANG_ENABLE_OBJC_ARC = YES;
				CLANG_ENABLE_OBJC_WEAK = YES;
				CLANG_WARN_BLOCK_CAPTURE_AUTORELEASING = YES;
				CLANG_WARN_BOOL_CONVERSION = YES;
				CLANG_WARN_COMMA = YES;
				CLANG_WARN_CONSTANT_CONVERSION = YES;
				CLANG_WARN_DEPRECATED_OBJC_IMPLEMENTATIONS = YES;
				CLANG_WARN_DIRECT_OBJC_ISA_USAGE = YES_ERROR;
				CLANG_WARN_DOCUMENTATION_COMMENTS = YES;
				CLANG_WARN_EMPTY_BODY = YES;
				CLANG_WARN_ENUM_CONVERSION = YES;
				CLANG_WARN_INFINITE_RECURSION = YES;
				CLANG_WARN_INT_CONVERSION = YES;
				CLANG_WARN_NON_LITERAL_NULL_CONVERSION = YES;
				CLANG_WARN_OBJC_IMPLICIT_RETAIN_SELF = YES;
				CLANG_WARN_OBJC_LITERAL_CONVERSION = YES;
				CLANG_WARN_OBJC_ROOT_CLASS = YES_ERROR;
				CLANG_WARN_QUOTED_INCLUDE_IN_FRAMEWORK_HEADER = YES;
				CLANG_WARN_RANGE_LOOP_ANALYSIS = YES;
				CLANG_WARN_STRICT_PROTOTYPES = YES;
				CLANG_WARN_SUSPICIOUS_MOVE = YES;
				CLANG_WARN_UNGUARDED_AVAILABILITY = YES_AGGRESSIVE;
				CLANG_WARN_UNREACHABLE_CODE = YES;
				CLANG_WARN__DUPLICATE_METHOD_MATCH = YES;
				COPY_PHASE_STRIP = NO;
				DEBUG_INFORMATION_FORMAT = "dwarf-with-dsym";
				ENABLE_NS_ASSERTIONS = NO;
				ENABLE_STRICT_OBJC_MSGSEND = YES;
				GCC_C_LANGUAGE_STANDARD = gnu11;
				GCC_NO_COMMON_BLOCKS = YES;
				GCC_WARN_64_TO_32_BIT_CONVERSION = YES;
				GCC_WARN_ABOUT_RETURN_TYPE = YES_ERROR;
				GCC_WARN_UNDECLARED_SELECTOR = YES;
				GCC_WARN_UNINITIALIZED_AUTOS = YES_AGGRESSIVE;
				GCC_WARN_UNUSED_FUNCTION = YES;
				GCC_WARN_UNUSED_VARIABLE = YES;
				IPHONEOS_DEPLOYMENT_TARGET = 16.0;
				MTL_ENABLE_DEBUG_INFO = NO;
				MTL_FAST_MATH = YES;
				SDKROOT = iphoneos;
				SWIFT_COMPILATION_MODE = wholemodule;
				SWIFT_OPTIMIZATION_LEVEL = "-O";
				VALIDATE_PRODUCT = YES;
			};
			name = Release;
		};
		851E5CCE28F8AAB90070DF2F /* Debug */ = {
			isa = XCBuildConfiguration;
			baseConfigurationReference = 2353A0F4DCAE763A28C1AE2C /* Pods-GoodWeather.debug.xcconfig */;
			buildSettings = {
				ASSETCATALOG_COMPILER_APPICON_NAME = AppIcon;
				ASSETCATALOG_COMPILER_GLOBAL_ACCENT_COLOR_NAME = AccentColor;
				CODE_SIGN_STYLE = Automatic;
				CURRENT_PROJECT_VERSION = 1;
				DEVELOPMENT_TEAM = N4RY885YC8;
				GENERATE_INFOPLIST_FILE = YES;
				INFOPLIST_FILE = GoodWeather/Info.plist;
				INFOPLIST_KEY_UIApplicationSupportsIndirectInputEvents = YES;
				INFOPLIST_KEY_UILaunchStoryboardName = LaunchScreen;
				INFOPLIST_KEY_UIMainStoryboardFile = Main;
				INFOPLIST_KEY_UISupportedInterfaceOrientations_iPad = "UIInterfaceOrientationPortrait UIInterfaceOrientationPortraitUpsideDown UIInterfaceOrientationLandscapeLeft UIInterfaceOrientationLandscapeRight";
				INFOPLIST_KEY_UISupportedInterfaceOrientations_iPhone = "UIInterfaceOrientationPortrait UIInterfaceOrientationLandscapeLeft UIInterfaceOrientationLandscapeRight";
				LD_RUNPATH_SEARCH_PATHS = (
					"$(inherited)",
					"@executable_path/Frameworks",
				);
				MARKETING_VERSION = 1.0;
				PRODUCT_BUNDLE_IDENTIFIER = com.FazilKulakoglu.GoodWeather;
				PRODUCT_NAME = "$(TARGET_NAME)";
				SUPPORTED_PLATFORMS = "iphoneos iphonesimulator";
				SUPPORTS_MACCATALYST = NO;
				SUPPORTS_MAC_DESIGNED_FOR_IPHONE_IPAD = NO;
				SWIFT_EMIT_LOC_STRINGS = YES;
				SWIFT_VERSION = 5.0;
				TARGETED_DEVICE_FAMILY = "1,2";
			};
			name = Debug;
		};
		851E5CCF28F8AAB90070DF2F /* Release */ = {
			isa = XCBuildConfiguration;
			baseConfigurationReference = DC29BB13696AABF24219EDF1 /* Pods-GoodWeather.release.xcconfig */;
			buildSettings = {
				ASSETCATALOG_COMPILER_APPICON_NAME = AppIcon;
				ASSETCATALOG_COMPILER_GLOBAL_ACCENT_COLOR_NAME = AccentColor;
				CODE_SIGN_STYLE = Automatic;
				CURRENT_PROJECT_VERSION = 1;
				DEVELOPMENT_TEAM = N4RY885YC8;
				GENERATE_INFOPLIST_FILE = YES;
				INFOPLIST_FILE = GoodWeather/Info.plist;
				INFOPLIST_KEY_UIApplicationSupportsIndirectInputEvents = YES;
				INFOPLIST_KEY_UILaunchStoryboardName = LaunchScreen;
				INFOPLIST_KEY_UIMainStoryboardFile = Main;
				INFOPLIST_KEY_UISupportedInterfaceOrientations_iPad = "UIInterfaceOrientationPortrait UIInterfaceOrientationPortraitUpsideDown UIInterfaceOrientationLandscapeLeft UIInterfaceOrientationLandscapeRight";
				INFOPLIST_KEY_UISupportedInterfaceOrientations_iPhone = "UIInterfaceOrientationPortrait UIInterfaceOrientationLandscapeLeft UIInterfaceOrientationLandscapeRight";
				LD_RUNPATH_SEARCH_PATHS = (
					"$(inherited)",
					"@executable_path/Frameworks",
				);
				MARKETING_VERSION = 1.0;
				PRODUCT_BUNDLE_IDENTIFIER = com.FazilKulakoglu.GoodWeather;
				PRODUCT_NAME = "$(TARGET_NAME)";
				SUPPORTED_PLATFORMS = "iphoneos iphonesimulator";
				SUPPORTS_MACCATALYST = NO;
				SUPPORTS_MAC_DESIGNED_FOR_IPHONE_IPAD = NO;
				SWIFT_EMIT_LOC_STRINGS = YES;
				SWIFT_VERSION = 5.0;
				TARGETED_DEVICE_FAMILY = "1,2";
			};
			name = Release;
		};
/* End XCBuildConfiguration section */

/* Begin XCConfigurationList section */
		851E5CB428F8AAB70070DF2F /* Build configuration list for PBXProject "GoodWeather" */ = {
			isa = XCConfigurationList;
			buildConfigurations = (
				851E5CCB28F8AAB90070DF2F /* Debug */,
				851E5CCC28F8AAB90070DF2F /* Release */,
			);
			defaultConfigurationIsVisible = 0;
			defaultConfigurationName = Release;
		};
		851E5CCD28F8AAB90070DF2F /* Build configuration list for PBXNativeTarget "GoodWeather" */ = {
			isa = XCConfigurationList;
			buildConfigurations = (
				851E5CCE28F8AAB90070DF2F /* Debug */,
				851E5CCF28F8AAB90070DF2F /* Release */,
			);
			defaultConfigurationIsVisible = 0;
			defaultConfigurationName = Release;
		};
/* End XCConfigurationList section */
	};
	rootObject = 851E5CB128F8AAB70070DF2F /* Project object */;
}
